
Microsoft Visual Studio Solution File, Format Version 12.00
# Visual Studio Version 17
VisualStudioVersion = 17.6.33723.286
MinimumVisualStudioVersion = 10.0.40219.1
Project("{FAE04EC0-301F-11D3-BF4B-00C04F79EFBC}") = "dinosaur_Runner", "dinosaur_Runner.csproj", "{286E3F2A-D3A6-4215-BF62-EE5A3FD0F723}"
EndProject
Global
	GlobalSection(SolutionConfigurationPlatforms) = preSolution
		Debug|Any CPU = Debug|Any CPU
		Release|Any CPU = Release|Any CPU
	EndGlobalSection
	GlobalSection(ProjectConfigurationPlatforms) = postSolution
		{286E3F2A-D3A6-4215-BF62-EE5A3FD0F723}.Debug|Any CPU.ActiveCfg = Debug|Any CPU
		{286E3F2A-D3A6-4215-BF62-EE5A3FD0F723}.Debug|Any CPU.Build.0 = Debug|Any CPU
		{286E3F2A-D3A6-4215-BF62-EE5A3FD0F723}.Release|Any CPU.ActiveCfg = Release|Any CPU
		{286E3F2A-D3A6-4215-BF62-EE5A3FD0F723}.Release|Any CPU.Build.0 = Release|Any CPU
	EndGlobalSection
	GlobalSection(SolutionProperties) = preSolution
		HideSolutionNode = FALSE
	EndGlobalSection
	GlobalSection(ExtensibilityGlobals) = postSolution
		SolutionGuid = {041E07ED-C620-4E7A-A176-074202069677}
	EndGlobalSection
EndGlobal
