
Microsoft Visual Studio Solution File, Format Version 12.00
# Visual Studio Version 17
VisualStudioVersion = 17.6.33723.286
MinimumVisualStudioVersion = 10.0.40219.1
Project("{FAE04EC0-301F-11D3-BF4B-00C04F79EFBC}") = "Cargame", "Cargame.csproj", "{100A5586-236D-4E79-8058-8F8E92A450EE}"
EndProject
Global
	GlobalSection(SolutionConfigurationPlatforms) = preSolution
		Debug|Any CPU = Debug|Any CPU
		Release|Any CPU = Release|Any CPU
	EndGlobalSection
	GlobalSection(ProjectConfigurationPlatforms) = postSolution
		{100A5586-236D-4E79-8058-8F8E92A450EE}.Debug|Any CPU.ActiveCfg = Debug|Any CPU
		{100A5586-236D-4E79-8058-8F8E92A450EE}.Debug|Any CPU.Build.0 = Debug|Any CPU
		{100A5586-236D-4E79-8058-8F8E92A450EE}.Release|Any CPU.ActiveCfg = Release|Any CPU
		{100A5586-236D-4E79-8058-8F8E92A450EE}.Release|Any CPU.Build.0 = Release|Any CPU
	EndGlobalSection
	GlobalSection(SolutionProperties) = preSolution
		HideSolutionNode = FALSE
	EndGlobalSection
	GlobalSection(ExtensibilityGlobals) = postSolution
		SolutionGuid = {CE9EC848-210F-404D-89FC-E54164C00BF2}
	EndGlobalSection
EndGlobal
