
Microsoft Visual Studio Solution File, Format Version 12.00
# Visual Studio Version 17
VisualStudioVersion = 17.6.33723.286
MinimumVisualStudioVersion = 10.0.40219.1
Project("{FAE04EC0-301F-11D3-BF4B-00C04F79EFBC}") = "Game-zombie-shooter", "Game-zombie-shooter.csproj", "{B63FDA1F-C709-479C-96CB-4C847C3AEEEC}"
EndProject
Global
	GlobalSection(SolutionConfigurationPlatforms) = preSolution
		Debug|Any CPU = Debug|Any CPU
		Release|Any CPU = Release|Any CPU
	EndGlobalSection
	GlobalSection(ProjectConfigurationPlatforms) = postSolution
		{B63FDA1F-C709-479C-96CB-4C847C3AEEEC}.Debug|Any CPU.ActiveCfg = Debug|Any CPU
		{B63FDA1F-C709-479C-96CB-4C847C3AEEEC}.Debug|Any CPU.Build.0 = Debug|Any CPU
		{B63FDA1F-C709-479C-96CB-4C847C3AEEEC}.Release|Any CPU.ActiveCfg = Release|Any CPU
		{B63FDA1F-C709-479C-96CB-4C847C3AEEEC}.Release|Any CPU.Build.0 = Release|Any CPU
	EndGlobalSection
	GlobalSection(SolutionProperties) = preSolution
		HideSolutionNode = FALSE
	EndGlobalSection
	GlobalSection(ExtensibilityGlobals) = postSolution
		SolutionGuid = {55DD0D22-FC93-4E5E-ABF0-82BF7BAA843F}
	EndGlobalSection
EndGlobal
