
Microsoft Visual Studio Solution File, Format Version 12.00
# Visual Studio Version 17
VisualStudioVersion = 17.6.33723.286
MinimumVisualStudioVersion = 10.0.40219.1
Project("{FAE04EC0-301F-11D3-BF4B-00C04F79EFBC}") = "WinFormsApp2", "WinFormsApp2.csproj", "{94B3D35C-A09F-47EC-930B-C14A27464890}"
EndProject
Global
	GlobalSection(SolutionConfigurationPlatforms) = preSolution
		Debug|Any CPU = Debug|Any CPU
		Release|Any CPU = Release|Any CPU
	EndGlobalSection
	GlobalSection(ProjectConfigurationPlatforms) = postSolution
		{94B3D35C-A09F-47EC-930B-C14A27464890}.Debug|Any CPU.ActiveCfg = Debug|Any CPU
		{94B3D35C-A09F-47EC-930B-C14A27464890}.Debug|Any CPU.Build.0 = Debug|Any CPU
		{94B3D35C-A09F-47EC-930B-C14A27464890}.Release|Any CPU.ActiveCfg = Release|Any CPU
		{94B3D35C-A09F-47EC-930B-C14A27464890}.Release|Any CPU.Build.0 = Release|Any CPU
	EndGlobalSection
	GlobalSection(SolutionProperties) = preSolution
		HideSolutionNode = FALSE
	EndGlobalSection
	GlobalSection(ExtensibilityGlobals) = postSolution
		SolutionGuid = {E7947C3F-1D93-4540-A5E1-E4E0C4023B02}
	EndGlobalSection
EndGlobal
